
Microsoft Visual Studio Solution File, Format Version 12.00
# Visual Studio Version 16
VisualStudioVersion = 16.0.31729.503
MinimumVisualStudioVersion = 10.0.40219.1
Project("{9A19103F-16F7-4668-BE54-9A1E7A4F7556}") = "LocalFunctionSamples", "ConsoleApp4\LocalFunctionSamples.csproj", "{21DA7EA8-053D-4C62-A3D1-74C2C3E93B4F}"
EndProject
Global
	GlobalSection(SolutionConfigurationPlatforms) = preSolution
		Debug|Any CPU = Debug|Any CPU
		Release|Any CPU = Release|Any CPU
	EndGlobalSection
	GlobalSection(ProjectConfigurationPlatforms) = postSolution
		{21DA7EA8-053D-4C62-A3D1-74C2C3E93B4F}.Debug|Any CPU.ActiveCfg = Debug|Any CPU
		{21DA7EA8-053D-4C62-A3D1-74C2C3E93B4F}.Debug|Any CPU.Build.0 = Debug|Any CPU
		{21DA7EA8-053D-4C62-A3D1-74C2C3E93B4F}.Release|Any CPU.ActiveCfg = Release|Any CPU
		{21DA7EA8-053D-4C62-A3D1-74C2C3E93B4F}.Release|Any CPU.Build.0 = Release|Any CPU
	EndGlobalSection
	GlobalSection(SolutionProperties) = preSolution
		HideSolutionNode = FALSE
	EndGlobalSection
	GlobalSection(ExtensibilityGlobals) = postSolution
		SolutionGuid = {BDA16B17-1A99-46EB-A26A-661F3D0AD2A2}
	EndGlobalSection
EndGlobal
